{
  "name": "@writetome51/get-date-id-time-id",
  "version": "3.0.0",
  "lockfileVersion": 1,
  "requires": true,
  "dependencies": {
    "@writetome51/get-ymd-hms": {
      "version": "0.0.1",
      "resolved": "https://registry.npmjs.org/@writetome51/get-ymd-hms/-/get-ymd-hms-0.0.1.tgz",
      "integrity": "sha512-NTeGBRZyxJPyeglEBTTL759Oda0QN/z5ncY0b+cI2TAcrEXoKJr9EV29Klfwayu8l9yez4+AYB2IR1Xc6UjSwA==",
      "requires": {
        "@writetome51/has-value-no-value": ">=2.0.0",
        "@writetome51/not": ">=1.0.5",
        "@writetome51/to-str": ">=0.0.1"
      }
    },
    "@writetome51/has-value-no-value": {
      "version": "2.0.0",
      "resolved": "https://registry.npmjs.org/@writetome51/has-value-no-value/-/has-value-no-value-2.0.0.tgz",
      "integrity": "sha512-ArFqWggtrr9sbi8/WEBNZLYlk7j8QesRWhaeHQdwc6tgfbjqibWVY6zrdL9UjCnqlEKPT2dNBcMj96gPfUqDoQ=="
    },
    "@writetome51/modify-object": {
      "version": "2.0.0",
      "resolved": "https://registry.npmjs.org/@writetome51/modify-object/-/modify-object-2.0.0.tgz",
      "integrity": "sha512-94kCKnUMd9bsCqM3Dg1TjNYy5APU8zP35FgH7z4JQskYrzvueRpCsIA8iMjl0xNBaVZkBHOPmseRRp7QcrP09w=="
    },
    "@writetome51/not": {
      "version": "2.0.0",
      "resolved": "https://registry.npmjs.org/@writetome51/not/-/not-2.0.0.tgz",
      "integrity": "sha512-CS+S0XafZPStxI16/27TBIfQETu5JfvD9VPBbw7sr42Vjotv6q02IjtwLgfAVcjQlsj+IL5I+2Hs6uoI7kinmA=="
    },
    "@writetome51/to-str": {
      "version": "0.0.1",
      "resolved": "https://registry.npmjs.org/@writetome51/to-str/-/to-str-0.0.1.tgz",
      "integrity": "sha512-DtS7pjaf2moRZSrdI4TCLRMVguQ75Djm3jEgv/SjzIycbdYdKYVHQE6iIQX/fF2JJ10FJ48G4w42vgNd9W5xTQ=="
    },
    "@writetome51/year-separator-options": {
      "version": "1.0.0",
      "resolved": "https://registry.npmjs.org/@writetome51/year-separator-options/-/year-separator-options-1.0.0.tgz",
      "integrity": "sha512-KkNd2VGDPpMg6G+6Co+QWBFK7yJL+CCi8Hrd5f5Kj9CJfTcOZUu4dvhbjoa+jFbBHxhSGdSgwY3QVfiVebHH4g=="
    },
    "types-date-format-order-time-format-order": {
      "version": "0.0.1",
      "resolved": "https://registry.npmjs.org/types-date-format-order-time-format-order/-/types-date-format-order-time-format-order-0.0.1.tgz",
      "integrity": "sha512-TaVCdK+YbaW+Ohv+hxjnst4tyer848zT3e3UVgWANjog5R34zIZazw1Su8Y1pH4Vzd0SMMG0dDxARAR4rf9SHw=="
    }
  }
}
